
Microsoft Visual Studio Solution File, Format Version 12.00
# Visual Studio Version 17
VisualStudioVersion = 17.5.33530.505
MinimumVisualStudioVersion = 10.0.40219.1
Project("{FAE04EC0-301F-11D3-BF4B-00C04F79EFBC}") = "Matriz", "Matriz.csproj", "{F37830BD-C416-4D3C-82A5-A86D1D47B0D9}"
EndProject
Global
	GlobalSection(SolutionConfigurationPlatforms) = preSolution
		Debug|Any CPU = Debug|Any CPU
		Release|Any CPU = Release|Any CPU
	EndGlobalSection
	GlobalSection(ProjectConfigurationPlatforms) = postSolution
		{F37830BD-C416-4D3C-82A5-A86D1D47B0D9}.Debug|Any CPU.ActiveCfg = Debug|Any CPU
		{F37830BD-C416-4D3C-82A5-A86D1D47B0D9}.Debug|Any CPU.Build.0 = Debug|Any CPU
		{F37830BD-C416-4D3C-82A5-A86D1D47B0D9}.Release|Any CPU.ActiveCfg = Release|Any CPU
		{F37830BD-C416-4D3C-82A5-A86D1D47B0D9}.Release|Any CPU.Build.0 = Release|Any CPU
	EndGlobalSection
	GlobalSection(SolutionProperties) = preSolution
		HideSolutionNode = FALSE
	EndGlobalSection
	GlobalSection(ExtensibilityGlobals) = postSolution
		SolutionGuid = {C476DA41-0628-4944-AADA-67BD86BB831D}
	EndGlobalSection
EndGlobal
