
Microsoft Visual Studio Solution File, Format Version 12.00
# Visual Studio Version 17
VisualStudioVersion = 17.5.33530.505
MinimumVisualStudioVersion = 10.0.40219.1
Project("{FAE04EC0-301F-11D3-BF4B-00C04F79EFBC}") = "Construtor", "Construtor.csproj", "{F4BB12B9-AB2D-4666-81EC-9F34DDF9A5C4}"
EndProject
Global
	GlobalSection(SolutionConfigurationPlatforms) = preSolution
		Debug|Any CPU = Debug|Any CPU
		Release|Any CPU = Release|Any CPU
	EndGlobalSection
	GlobalSection(ProjectConfigurationPlatforms) = postSolution
		{F4BB12B9-AB2D-4666-81EC-9F34DDF9A5C4}.Debug|Any CPU.ActiveCfg = Debug|Any CPU
		{F4BB12B9-AB2D-4666-81EC-9F34DDF9A5C4}.Debug|Any CPU.Build.0 = Debug|Any CPU
		{F4BB12B9-AB2D-4666-81EC-9F34DDF9A5C4}.Release|Any CPU.ActiveCfg = Release|Any CPU
		{F4BB12B9-AB2D-4666-81EC-9F34DDF9A5C4}.Release|Any CPU.Build.0 = Release|Any CPU
	EndGlobalSection
	GlobalSection(SolutionProperties) = preSolution
		HideSolutionNode = FALSE
	EndGlobalSection
	GlobalSection(ExtensibilityGlobals) = postSolution
		SolutionGuid = {EA319470-9AE4-4C43-BF27-0EC22FD6F924}
	EndGlobalSection
EndGlobal
