
Microsoft Visual Studio Solution File, Format Version 12.00
# Visual Studio Version 17
VisualStudioVersion = 17.5.33530.505
MinimumVisualStudioVersion = 10.0.40219.1
Project("{FAE04EC0-301F-11D3-BF4B-00C04F79EFBC}") = "ProdutoEstoque", "ProdutoEstoque.csproj", "{92C9B3C3-F24B-43D8-AEFD-E297773A5B7B}"
EndProject
Global
	GlobalSection(SolutionConfigurationPlatforms) = preSolution
		Debug|Any CPU = Debug|Any CPU
		Release|Any CPU = Release|Any CPU
	EndGlobalSection
	GlobalSection(ProjectConfigurationPlatforms) = postSolution
		{92C9B3C3-F24B-43D8-AEFD-E297773A5B7B}.Debug|Any CPU.ActiveCfg = Debug|Any CPU
		{92C9B3C3-F24B-43D8-AEFD-E297773A5B7B}.Debug|Any CPU.Build.0 = Debug|Any CPU
		{92C9B3C3-F24B-43D8-AEFD-E297773A5B7B}.Release|Any CPU.ActiveCfg = Release|Any CPU
		{92C9B3C3-F24B-43D8-AEFD-E297773A5B7B}.Release|Any CPU.Build.0 = Release|Any CPU
	EndGlobalSection
	GlobalSection(SolutionProperties) = preSolution
		HideSolutionNode = FALSE
	EndGlobalSection
	GlobalSection(ExtensibilityGlobals) = postSolution
		SolutionGuid = {A8FEA42D-2B7A-4F0C-8611-F6DE8BFE9476}
	EndGlobalSection
EndGlobal
