
Microsoft Visual Studio Solution File, Format Version 12.00
# Visual Studio Version 17
VisualStudioVersion = 17.5.33530.505
MinimumVisualStudioVersion = 10.0.40219.1
Project("{FAE04EC0-301F-11D3-BF4B-00C04F79EFBC}") = "TrabalhandoComStrings", "TrabalhandoComStrings.csproj", "{DA42035F-97EE-48CD-9511-0F421F28B7C6}"
EndProject
Global
	GlobalSection(SolutionConfigurationPlatforms) = preSolution
		Debug|Any CPU = Debug|Any CPU
		Release|Any CPU = Release|Any CPU
	EndGlobalSection
	GlobalSection(ProjectConfigurationPlatforms) = postSolution
		{DA42035F-97EE-48CD-9511-0F421F28B7C6}.Debug|Any CPU.ActiveCfg = Debug|Any CPU
		{DA42035F-97EE-48CD-9511-0F421F28B7C6}.Debug|Any CPU.Build.0 = Debug|Any CPU
		{DA42035F-97EE-48CD-9511-0F421F28B7C6}.Release|Any CPU.ActiveCfg = Release|Any CPU
		{DA42035F-97EE-48CD-9511-0F421F28B7C6}.Release|Any CPU.Build.0 = Release|Any CPU
	EndGlobalSection
	GlobalSection(SolutionProperties) = preSolution
		HideSolutionNode = FALSE
	EndGlobalSection
	GlobalSection(ExtensibilityGlobals) = postSolution
		SolutionGuid = {FCD9F607-D481-4515-A452-443EC4AEF0B4}
	EndGlobalSection
EndGlobal
