
Microsoft Visual Studio Solution File, Format Version 12.00
# Visual Studio Version 17
VisualStudioVersion = 17.5.33530.505
MinimumVisualStudioVersion = 10.0.40219.1
Project("{FAE04EC0-301F-11D3-BF4B-00C04F79EFBC}") = "Desafio_ServicoDePagto", "Desafio_ServicoDePagto.csproj", "{A1F49B54-1609-47E2-AE15-72041C55D99F}"
EndProject
Global
	GlobalSection(SolutionConfigurationPlatforms) = preSolution
		Debug|Any CPU = Debug|Any CPU
		Release|Any CPU = Release|Any CPU
	EndGlobalSection
	GlobalSection(ProjectConfigurationPlatforms) = postSolution
		{A1F49B54-1609-47E2-AE15-72041C55D99F}.Debug|Any CPU.ActiveCfg = Debug|Any CPU
		{A1F49B54-1609-47E2-AE15-72041C55D99F}.Debug|Any CPU.Build.0 = Debug|Any CPU
		{A1F49B54-1609-47E2-AE15-72041C55D99F}.Release|Any CPU.ActiveCfg = Release|Any CPU
		{A1F49B54-1609-47E2-AE15-72041C55D99F}.Release|Any CPU.Build.0 = Release|Any CPU
	EndGlobalSection
	GlobalSection(SolutionProperties) = preSolution
		HideSolutionNode = FALSE
	EndGlobalSection
	GlobalSection(ExtensibilityGlobals) = postSolution
		SolutionGuid = {98CA6C36-B5DF-4965-A860-3D3ABA6CB8B4}
	EndGlobalSection
EndGlobal
