
Microsoft Visual Studio Solution File, Format Version 12.00
# Visual Studio Version 17
VisualStudioVersion = 17.5.33530.505
MinimumVisualStudioVersion = 10.0.40219.1
Project("{FAE04EC0-301F-11D3-BF4B-00C04F79EFBC}") = "Ex_ConvencaoDeNome", "Ex_ConvencaoDeNome.csproj", "{87109D50-6EB5-47BC-AA57-FC45C2B36431}"
EndProject
Global
	GlobalSection(SolutionConfigurationPlatforms) = preSolution
		Debug|Any CPU = Debug|Any CPU
		Release|Any CPU = Release|Any CPU
	EndGlobalSection
	GlobalSection(ProjectConfigurationPlatforms) = postSolution
		{87109D50-6EB5-47BC-AA57-FC45C2B36431}.Debug|Any CPU.ActiveCfg = Debug|Any CPU
		{87109D50-6EB5-47BC-AA57-FC45C2B36431}.Debug|Any CPU.Build.0 = Debug|Any CPU
		{87109D50-6EB5-47BC-AA57-FC45C2B36431}.Release|Any CPU.ActiveCfg = Release|Any CPU
		{87109D50-6EB5-47BC-AA57-FC45C2B36431}.Release|Any CPU.Build.0 = Release|Any CPU
	EndGlobalSection
	GlobalSection(SolutionProperties) = preSolution
		HideSolutionNode = FALSE
	EndGlobalSection
	GlobalSection(ExtensibilityGlobals) = postSolution
		SolutionGuid = {C9AD38CA-22C8-44DC-9714-3BA0E9841257}
	EndGlobalSection
EndGlobal
