
Microsoft Visual Studio Solution File, Format Version 12.00
# Visual Studio Version 17
VisualStudioVersion = 17.5.33530.505
MinimumVisualStudioVersion = 10.0.40219.1
Project("{FAE04EC0-301F-11D3-BF4B-00C04F79EFBC}") = "MaiorOuMenor", "MaiorOuMenor.csproj", "{66C8BB5E-B24E-4DA3-9355-E84C21DAE0CE}"
EndProject
Global
	GlobalSection(SolutionConfigurationPlatforms) = preSolution
		Debug|Any CPU = Debug|Any CPU
		Release|Any CPU = Release|Any CPU
	EndGlobalSection
	GlobalSection(ProjectConfigurationPlatforms) = postSolution
		{66C8BB5E-B24E-4DA3-9355-E84C21DAE0CE}.Debug|Any CPU.ActiveCfg = Debug|Any CPU
		{66C8BB5E-B24E-4DA3-9355-E84C21DAE0CE}.Debug|Any CPU.Build.0 = Debug|Any CPU
		{66C8BB5E-B24E-4DA3-9355-E84C21DAE0CE}.Release|Any CPU.ActiveCfg = Release|Any CPU
		{66C8BB5E-B24E-4DA3-9355-E84C21DAE0CE}.Release|Any CPU.Build.0 = Release|Any CPU
	EndGlobalSection
	GlobalSection(SolutionProperties) = preSolution
		HideSolutionNode = FALSE
	EndGlobalSection
	GlobalSection(ExtensibilityGlobals) = postSolution
		SolutionGuid = {57A15030-CA78-4FBF-B3E1-E0F9C3A813F2}
	EndGlobalSection
EndGlobal
