
Microsoft Visual Studio Solution File, Format Version 12.00
# Visual Studio Version 17
VisualStudioVersion = 17.5.33530.505
MinimumVisualStudioVersion = 10.0.40219.1
Project("{FAE04EC0-301F-11D3-BF4B-00C04F79EFBC}") = "Course", "Course.csproj", "{004AD2BF-53E5-443C-BEA6-6E6996BA8506}"
EndProject
Global
	GlobalSection(SolutionConfigurationPlatforms) = preSolution
		Debug|Any CPU = Debug|Any CPU
		Release|Any CPU = Release|Any CPU
	EndGlobalSection
	GlobalSection(ProjectConfigurationPlatforms) = postSolution
		{004AD2BF-53E5-443C-BEA6-6E6996BA8506}.Debug|Any CPU.ActiveCfg = Debug|Any CPU
		{004AD2BF-53E5-443C-BEA6-6E6996BA8506}.Debug|Any CPU.Build.0 = Debug|Any CPU
		{004AD2BF-53E5-443C-BEA6-6E6996BA8506}.Release|Any CPU.ActiveCfg = Release|Any CPU
		{004AD2BF-53E5-443C-BEA6-6E6996BA8506}.Release|Any CPU.Build.0 = Release|Any CPU
	EndGlobalSection
	GlobalSection(SolutionProperties) = preSolution
		HideSolutionNode = FALSE
	EndGlobalSection
	GlobalSection(ExtensibilityGlobals) = postSolution
		SolutionGuid = {669A9C4B-86CA-47DB-B01F-4442452CE367}
	EndGlobalSection
EndGlobal
