
Microsoft Visual Studio Solution File, Format Version 12.00
# Visual Studio Version 17
VisualStudioVersion = 17.5.33530.505
MinimumVisualStudioVersion = 10.0.40219.1
Project("{FAE04EC0-301F-11D3-BF4B-00C04F79EFBC}") = "SwitchCaseExample", "SwitchCaseExample.csproj", "{55321DC5-61AC-430F-9438-BCBE81A48FD6}"
EndProject
Global
	GlobalSection(SolutionConfigurationPlatforms) = preSolution
		Debug|Any CPU = Debug|Any CPU
		Release|Any CPU = Release|Any CPU
	EndGlobalSection
	GlobalSection(ProjectConfigurationPlatforms) = postSolution
		{55321DC5-61AC-430F-9438-BCBE81A48FD6}.Debug|Any CPU.ActiveCfg = Debug|Any CPU
		{55321DC5-61AC-430F-9438-BCBE81A48FD6}.Debug|Any CPU.Build.0 = Debug|Any CPU
		{55321DC5-61AC-430F-9438-BCBE81A48FD6}.Release|Any CPU.ActiveCfg = Release|Any CPU
		{55321DC5-61AC-430F-9438-BCBE81A48FD6}.Release|Any CPU.Build.0 = Release|Any CPU
	EndGlobalSection
	GlobalSection(SolutionProperties) = preSolution
		HideSolutionNode = FALSE
	EndGlobalSection
	GlobalSection(ExtensibilityGlobals) = postSolution
		SolutionGuid = {1825291E-1613-4D50-AA60-D73FFE292705}
	EndGlobalSection
EndGlobal
