
Microsoft Visual Studio Solution File, Format Version 12.00
# Visual Studio Version 17
VisualStudioVersion = 17.5.33530.505
MinimumVisualStudioVersion = 10.0.40219.1
Project("{FAE04EC0-301F-11D3-BF4B-00C04F79EFBC}") = "Course", "Course.csproj", "{DF471ADB-7C1B-4423-AE9E-382D7C57A8D3}"
EndProject
Global
	GlobalSection(SolutionConfigurationPlatforms) = preSolution
		Debug|Any CPU = Debug|Any CPU
		Release|Any CPU = Release|Any CPU
	EndGlobalSection
	GlobalSection(ProjectConfigurationPlatforms) = postSolution
		{DF471ADB-7C1B-4423-AE9E-382D7C57A8D3}.Debug|Any CPU.ActiveCfg = Debug|Any CPU
		{DF471ADB-7C1B-4423-AE9E-382D7C57A8D3}.Debug|Any CPU.Build.0 = Debug|Any CPU
		{DF471ADB-7C1B-4423-AE9E-382D7C57A8D3}.Release|Any CPU.ActiveCfg = Release|Any CPU
		{DF471ADB-7C1B-4423-AE9E-382D7C57A8D3}.Release|Any CPU.Build.0 = Release|Any CPU
	EndGlobalSection
	GlobalSection(SolutionProperties) = preSolution
		HideSolutionNode = FALSE
	EndGlobalSection
	GlobalSection(ExtensibilityGlobals) = postSolution
		SolutionGuid = {47F04B3A-6C37-4393-8DDF-57A53B6040BB}
	EndGlobalSection
EndGlobal
