
Microsoft Visual Studio Solution File, Format Version 12.00
# Visual Studio Version 17
VisualStudioVersion = 17.5.33530.505
MinimumVisualStudioVersion = 10.0.40219.1
Project("{FAE04EC0-301F-11D3-BF4B-00C04F79EFBC}") = "CalculoDeAreaSemPOO", "CalculoDeAreaSemPOO.csproj", "{6033C58D-5AD5-41CF-9699-61717CA45491}"
EndProject
Global
	GlobalSection(SolutionConfigurationPlatforms) = preSolution
		Debug|Any CPU = Debug|Any CPU
		Release|Any CPU = Release|Any CPU
	EndGlobalSection
	GlobalSection(ProjectConfigurationPlatforms) = postSolution
		{6033C58D-5AD5-41CF-9699-61717CA45491}.Debug|Any CPU.ActiveCfg = Debug|Any CPU
		{6033C58D-5AD5-41CF-9699-61717CA45491}.Debug|Any CPU.Build.0 = Debug|Any CPU
		{6033C58D-5AD5-41CF-9699-61717CA45491}.Release|Any CPU.ActiveCfg = Release|Any CPU
		{6033C58D-5AD5-41CF-9699-61717CA45491}.Release|Any CPU.Build.0 = Release|Any CPU
	EndGlobalSection
	GlobalSection(SolutionProperties) = preSolution
		HideSolutionNode = FALSE
	EndGlobalSection
	GlobalSection(ExtensibilityGlobals) = postSolution
		SolutionGuid = {5DCD081E-143C-4C8A-8416-1C5E6088E1FF}
	EndGlobalSection
EndGlobal
