
Microsoft Visual Studio Solution File, Format Version 12.00
# Visual Studio Version 17
VisualStudioVersion = 17.5.33530.505
MinimumVisualStudioVersion = 10.0.40219.1
Project("{FAE04EC0-301F-11D3-BF4B-00C04F79EFBC}") = "Funcionario", "Funcionario.csproj", "{4B688A4A-161A-45B8-B064-4778864CEABE}"
EndProject
Global
	GlobalSection(SolutionConfigurationPlatforms) = preSolution
		Debug|Any CPU = Debug|Any CPU
		Release|Any CPU = Release|Any CPU
	EndGlobalSection
	GlobalSection(ProjectConfigurationPlatforms) = postSolution
		{4B688A4A-161A-45B8-B064-4778864CEABE}.Debug|Any CPU.ActiveCfg = Debug|Any CPU
		{4B688A4A-161A-45B8-B064-4778864CEABE}.Debug|Any CPU.Build.0 = Debug|Any CPU
		{4B688A4A-161A-45B8-B064-4778864CEABE}.Release|Any CPU.ActiveCfg = Release|Any CPU
		{4B688A4A-161A-45B8-B064-4778864CEABE}.Release|Any CPU.Build.0 = Release|Any CPU
	EndGlobalSection
	GlobalSection(SolutionProperties) = preSolution
		HideSolutionNode = FALSE
	EndGlobalSection
	GlobalSection(ExtensibilityGlobals) = postSolution
		SolutionGuid = {47446947-4A47-4DA8-83D4-24D363E39EBB}
	EndGlobalSection
EndGlobal
